{
  "version": 4,
  "terraform_version": "1.1.6",
  "serial": 9,
  "lineage": "170ffd65-c8f6-d5c1-0d98-2761c511929a",
  "outputs": {},
  "resources": [
    {
      "mode": "managed",
      "type": "azurerm_app_service",
      "name": "webApp",
      "provider": "provider[\"registry.terraform.io/hashicorp/azurerm\"]",
      "instances": [
        {
          "schema_version": 0,
          "attributes": {
            "app_service_plan_id": "/subscriptions/fdbe8f02-d211-45a6-88a9-a22350fdef2d/resourceGroups/paps-rg/providers/Microsoft.Web/serverfarms/paps-svc-plan",
            "app_settings": {
              "WEBSITE_NODE_DEFAULT_VERSION": "6.9.1"
            },
            "auth_settings": [
              {
                "active_directory": [],
                "additional_login_params": {},
                "allowed_external_redirect_urls": [],
                "default_provider": "",
                "enabled": false,
                "facebook": [],
                "google": [],
                "issuer": "",
                "microsoft": [],
                "runtime_version": "",
                "token_refresh_extension_hours": 0,
                "token_store_enabled": false,
                "twitter": [],
                "unauthenticated_client_action": ""
              }
            ],
            "backup": [],
            "client_affinity_enabled": false,
            "client_cert_enabled": false,
            "client_cert_mode": "Required",
            "connection_string": [],
            "custom_domain_verification_id": "AF76FC6D6E304A895E06480761C4FB38D1625428C1AECD321E81D6A80E420494",
            "default_site_hostname": "webapp-paps.azurewebsites.net",
            "enabled": true,
            "https_only": false,
            "id": "/subscriptions/fdbe8f02-d211-45a6-88a9-a22350fdef2d/resourceGroups/paps-rg/providers/Microsoft.Web/sites/webApp-paps",
            "identity": [],
            "key_vault_reference_identity_id": "SystemAssigned",
            "location": "westeurope",
            "logs": [
              {
                "application_logs": [
                  {
                    "azure_blob_storage": [],
                    "file_system_level": "Off"
                  }
                ],
                "detailed_error_messages_enabled": false,
                "failed_request_tracing_enabled": false,
                "http_logs": [
                  {
                    "azure_blob_storage": [],
                    "file_system": []
                  }
                ]
              }
            ],
            "name": "webApp-paps",
            "outbound_ip_address_list": [
              "51.124.49.161",
              "20.50.22.227",
              "20.50.23.20",
              "20.50.23.144",
              "20.50.23.169",
              "51.124.53.154",
              "20.50.2.75"
            ],
            "outbound_ip_addresses": "51.124.49.161,20.50.22.227,20.50.23.20,20.50.23.144,20.50.23.169,51.124.53.154,20.50.2.75",
            "possible_outbound_ip_address_list": [
              "51.124.49.161",
              "20.50.22.227",
              "20.50.23.20",
              "20.50.23.144",
              "20.50.23.169",
              "51.124.53.154",
              "20.50.23.232",
              "20.50.23.238",
              "20.50.17.218",
              "51.105.197.118",
              "20.50.168.230",
              "20.50.169.48",
              "20.50.169.92",
              "20.50.169.103",
              "51.124.48.208",
              "20.50.169.140",
              "20.50.169.149",
              "20.50.169.153",
              "20.50.169.165",
              "20.50.169.167",
              "51.138.34.93",
              "20.50.169.97",
              "20.50.169.170",
              "20.50.169.197",
              "20.50.169.204",
              "20.50.169.145",
              "20.50.169.249",
              "51.105.198.78",
              "20.50.169.252",
              "51.124.55.136",
              "20.50.2.75"
            ],
            "possible_outbound_ip_addresses": "51.124.49.161,20.50.22.227,20.50.23.20,20.50.23.144,20.50.23.169,51.124.53.154,20.50.23.232,20.50.23.238,20.50.17.218,51.105.197.118,20.50.168.230,20.50.169.48,20.50.169.92,20.50.169.103,51.124.48.208,20.50.169.140,20.50.169.149,20.50.169.153,20.50.169.165,20.50.169.167,51.138.34.93,20.50.169.97,20.50.169.170,20.50.169.197,20.50.169.204,20.50.169.145,20.50.169.249,51.105.198.78,20.50.169.252,51.124.55.136,20.50.2.75",
            "resource_group_name": "paps-rg",
            "site_config": [
              {
                "acr_use_managed_identity_credentials": false,
                "acr_user_managed_identity_client_id": "",
                "always_on": false,
                "app_command_line": "",
                "auto_swap_slot_name": "",
                "cors": [],
                "default_documents": [
                  "Default.htm",
                  "Default.html",
                  "Default.asp",
                  "index.htm",
                  "index.html",
                  "iisstart.htm",
                  "default.aspx",
                  "index.php",
                  "hostingstart.html"
                ],
                "dotnet_framework_version": "v4.0",
                "ftps_state": "AllAllowed",
                "health_check_path": "",
                "http2_enabled": false,
                "ip_restriction": [],
                "java_container": "",
                "java_container_version": "",
                "java_version": "",
                "linux_fx_version": "",
                "local_mysql_enabled": false,
                "managed_pipeline_mode": "Integrated",
                "min_tls_version": "1.2",
                "number_of_workers": 1,
                "php_version": "5.6",
                "python_version": "",
                "remote_debugging_enabled": false,
                "remote_debugging_version": "",
                "scm_ip_restriction": [],
                "scm_type": "None",
                "scm_use_main_ip_restriction": false,
                "use_32_bit_worker_process": true,
                "vnet_route_all_enabled": false,
                "websockets_enabled": false,
                "windows_fx_version": ""
              }
            ],
            "site_credential": [
              {
                "password": "xM8f77eB8ijTjsqYwEXofXAcKJ0zLTlYaat7dt26AREd6qqrWvZMGkf9CKaY",
                "username": "$webApp-paps"
              }
            ],
            "source_control": [
              {
                "branch": "master",
                "manual_integration": false,
                "repo_url": "",
                "rollback_enabled": false,
                "use_mercurial": false
              }
            ],
            "storage_account": [],
            "tags": null,
            "timeouts": null
          },
          "sensitive_attributes": [],
          "private": "eyJlMmJmYjczMC1lY2FhLTExZTYtOGY4OC0zNDM2M2JjN2M0YzAiOnsiY3JlYXRlIjoxODAwMDAwMDAwMDAwLCJkZWxldGUiOjE4MDAwMDAwMDAwMDAsInJlYWQiOjMwMDAwMDAwMDAwMCwidXBkYXRlIjoxODAwMDAwMDAwMDAwfX0=",
          "dependencies": [
            "azurerm_app_service_plan.appServicePlan",
            "azurerm_resource_group.appRG"
          ]
        }
      ]
    },
    {
      "mode": "managed",
      "type": "azurerm_app_service_plan",
      "name": "appServicePlan",
      "provider": "provider[\"registry.terraform.io/hashicorp/azurerm\"]",
      "instances": [
        {
          "schema_version": 0,
          "attributes": {
            "app_service_environment_id": "",
            "id": "/subscriptions/fdbe8f02-d211-45a6-88a9-a22350fdef2d/resourceGroups/paps-rg/providers/Microsoft.Web/serverfarms/paps-svc-plan",
            "is_xenon": false,
            "kind": "Windows",
            "location": "westeurope",
            "maximum_elastic_worker_count": 1,
            "maximum_number_of_workers": 1,
            "name": "paps-svc-plan",
            "per_site_scaling": false,
            "reserved": false,
            "resource_group_name": "paps-rg",
            "sku": [
              {
                "capacity": 0,
                "size": "F1",
                "tier": "Free"
              }
            ],
            "tags": {},
            "timeouts": null,
            "zone_redundant": false
          },
          "sensitive_attributes": [],
          "private": "eyJlMmJmYjczMC1lY2FhLTExZTYtOGY4OC0zNDM2M2JjN2M0YzAiOnsiY3JlYXRlIjozNjAwMDAwMDAwMDAwLCJkZWxldGUiOjM2MDAwMDAwMDAwMDAsInJlYWQiOjMwMDAwMDAwMDAwMCwidXBkYXRlIjozNjAwMDAwMDAwMDAwfX0=",
          "dependencies": [
            "azurerm_resource_group.appRG"
          ]
        }
      ]
    },
    {
      "mode": "managed",
      "type": "azurerm_resource_group",
      "name": "appRG",
      "provider": "provider[\"registry.terraform.io/hashicorp/azurerm\"]",
      "instances": [
        {
          "schema_version": 0,
          "attributes": {
            "id": "/subscriptions/fdbe8f02-d211-45a6-88a9-a22350fdef2d/resourceGroups/paps-rg",
            "location": "westeurope",
            "name": "paps-rg",
            "tags": {},
            "timeouts": null
          },
          "sensitive_attributes": [],
          "private": "eyJlMmJmYjczMC1lY2FhLTExZTYtOGY4OC0zNDM2M2JjN2M0YzAiOnsiY3JlYXRlIjo1NDAwMDAwMDAwMDAwLCJkZWxldGUiOjU0MDAwMDAwMDAwMDAsInJlYWQiOjMwMDAwMDAwMDAwMCwidXBkYXRlIjo1NDAwMDAwMDAwMDAwfX0="
        }
      ]
    }
  ]
}
